
Microsoft Visual Studio Solution File, Format Version 12.00
# Visual Studio Version 17
VisualStudioVersion = 17.3.32825.248
MinimumVisualStudioVersion = 10.0.40219.1
Project("{FAE04EC0-301F-11D3-BF4B-00C04F79EFBC}") = "CustomerSupportHITC", "CustomerSupportHITC\CustomerSupportHITC.csproj", "{DEDFCEF7-EE21-4DE6-A0B2-1E25D34A7A19}"
EndProject
Global
	GlobalSection(SolutionConfigurationPlatforms) = preSolution
		Debug|Any CPU = Debug|Any CPU
		Release|Any CPU = Release|Any CPU
	EndGlobalSection
	GlobalSection(ProjectConfigurationPlatforms) = postSolution
		{DEDFCEF7-EE21-4DE6-A0B2-1E25D34A7A19}.Debug|Any CPU.ActiveCfg = Debug|Any CPU
		{DEDFCEF7-EE21-4DE6-A0B2-1E25D34A7A19}.Debug|Any CPU.Build.0 = Debug|Any CPU
		{DEDFCEF7-EE21-4DE6-A0B2-1E25D34A7A19}.Release|Any CPU.ActiveCfg = Release|Any CPU
		{DEDFCEF7-EE21-4DE6-A0B2-1E25D34A7A19}.Release|Any CPU.Build.0 = Release|Any CPU
	EndGlobalSection
	GlobalSection(SolutionProperties) = preSolution
		HideSolutionNode = FALSE
	EndGlobalSection
	GlobalSection(ExtensibilityGlobals) = postSolution
		SolutionGuid = {AF449416-2ABC-4582-9575-D80DCC67C9EA}
	EndGlobalSection
EndGlobal
